
Microsoft Visual Studio Solution File, Format Version 12.00
# Visual Studio Version 17
VisualStudioVersion = 17.9.34622.214
MinimumVisualStudioVersion = 10.0.40219.1
Project("{FAE04EC0-301F-11D3-BF4B-00C04F79EFBC}") = "Course Console", "Course Console.csproj", "{DFAD0857-2C4B-4155-B632-98C7FC878084}"
EndProject
Global
	GlobalSection(SolutionConfigurationPlatforms) = preSolution
		Debug|Any CPU = Debug|Any CPU
		Release|Any CPU = Release|Any CPU
	EndGlobalSection
	GlobalSection(ProjectConfigurationPlatforms) = postSolution
		{DFAD0857-2C4B-4155-B632-98C7FC878084}.Debug|Any CPU.ActiveCfg = Debug|Any CPU
		{DFAD0857-2C4B-4155-B632-98C7FC878084}.Debug|Any CPU.Build.0 = Debug|Any CPU
		{DFAD0857-2C4B-4155-B632-98C7FC878084}.Release|Any CPU.ActiveCfg = Release|Any CPU
		{DFAD0857-2C4B-4155-B632-98C7FC878084}.Release|Any CPU.Build.0 = Release|Any CPU
	EndGlobalSection
	GlobalSection(SolutionProperties) = preSolution
		HideSolutionNode = FALSE
	EndGlobalSection
	GlobalSection(ExtensibilityGlobals) = postSolution
		SolutionGuid = {317DF27E-64EC-4771-A817-BA5217CB630D}
	EndGlobalSection
EndGlobal
